
Microsoft Visual Studio Solution File, Format Version 12.00
# Visual Studio Version 17
VisualStudioVersion = 17.1.32210.238
MinimumVisualStudioVersion = 10.0.40219.1
Project("{9A19103F-16F7-4668-BE54-9A1E7A4F7556}") = "BusinessLayer", "BusinessLayer\BusinessLayer.csproj", "{4FE64B56-2530-4EE1-88BD-6DF96FF50309}"
EndProject
Project("{9A19103F-16F7-4668-BE54-9A1E7A4F7556}") = "DataLayer", "DataLayer\DataLayer.csproj", "{42AA7466-E0BF-47FB-B469-502F92E1AB49}"
EndProject
Project("{9A19103F-16F7-4668-BE54-9A1E7A4F7556}") = "TestingLayer", "TestingLayer\TestingLayer.csproj", "{2B5E22F2-B096-4DA3-9D9C-7498E475626A}"
EndProject
Project("{FAE04EC0-301F-11D3-BF4B-00C04F79EFBC}") = "ServiceLayer", "ServiceLayer\ServiceLayer.csproj", "{2696755F-B030-487F-BBF9-206A75BD0471}"
EndProject
Project("{FAE04EC0-301F-11D3-BF4B-00C04F79EFBC}") = "PresentationLayer", "PresentationLayer\PresentationLayer.csproj", "{4619314E-63A4-4EEB-A46E-D7AFCA48302A}"
EndProject
Global
	GlobalSection(SolutionConfigurationPlatforms) = preSolution
		Debug|Any CPU = Debug|Any CPU
		Release|Any CPU = Release|Any CPU
	EndGlobalSection
	GlobalSection(ProjectConfigurationPlatforms) = postSolution
		{4FE64B56-2530-4EE1-88BD-6DF96FF50309}.Debug|Any CPU.ActiveCfg = Debug|Any CPU
		{4FE64B56-2530-4EE1-88BD-6DF96FF50309}.Debug|Any CPU.Build.0 = Debug|Any CPU
		{4FE64B56-2530-4EE1-88BD-6DF96FF50309}.Release|Any CPU.ActiveCfg = Release|Any CPU
		{4FE64B56-2530-4EE1-88BD-6DF96FF50309}.Release|Any CPU.Build.0 = Release|Any CPU
		{42AA7466-E0BF-47FB-B469-502F92E1AB49}.Debug|Any CPU.ActiveCfg = Debug|Any CPU
		{42AA7466-E0BF-47FB-B469-502F92E1AB49}.Debug|Any CPU.Build.0 = Debug|Any CPU
		{42AA7466-E0BF-47FB-B469-502F92E1AB49}.Release|Any CPU.ActiveCfg = Release|Any CPU
		{42AA7466-E0BF-47FB-B469-502F92E1AB49}.Release|Any CPU.Build.0 = Release|Any CPU
		{2B5E22F2-B096-4DA3-9D9C-7498E475626A}.Debug|Any CPU.ActiveCfg = Debug|Any CPU
		{2B5E22F2-B096-4DA3-9D9C-7498E475626A}.Debug|Any CPU.Build.0 = Debug|Any CPU
		{2B5E22F2-B096-4DA3-9D9C-7498E475626A}.Release|Any CPU.ActiveCfg = Release|Any CPU
		{2B5E22F2-B096-4DA3-9D9C-7498E475626A}.Release|Any CPU.Build.0 = Release|Any CPU
		{2696755F-B030-487F-BBF9-206A75BD0471}.Debug|Any CPU.ActiveCfg = Debug|Any CPU
		{2696755F-B030-487F-BBF9-206A75BD0471}.Debug|Any CPU.Build.0 = Debug|Any CPU
		{2696755F-B030-487F-BBF9-206A75BD0471}.Release|Any CPU.ActiveCfg = Release|Any CPU
		{2696755F-B030-487F-BBF9-206A75BD0471}.Release|Any CPU.Build.0 = Release|Any CPU
		{4619314E-63A4-4EEB-A46E-D7AFCA48302A}.Debug|Any CPU.ActiveCfg = Debug|Any CPU
		{4619314E-63A4-4EEB-A46E-D7AFCA48302A}.Debug|Any CPU.Build.0 = Debug|Any CPU
		{4619314E-63A4-4EEB-A46E-D7AFCA48302A}.Release|Any CPU.ActiveCfg = Release|Any CPU
		{4619314E-63A4-4EEB-A46E-D7AFCA48302A}.Release|Any CPU.Build.0 = Release|Any CPU
	EndGlobalSection
	GlobalSection(SolutionProperties) = preSolution
		HideSolutionNode = FALSE
	EndGlobalSection
	GlobalSection(ExtensibilityGlobals) = postSolution
		SolutionGuid = {991C5FE2-E938-41EB-A986-8E07BEF5ED7A}
	EndGlobalSection
EndGlobal
